// !$*UTF8*$!
{
	archiveVersion = 1;
	classes = {
	};
	objectVersion = 50;
	objects = {

/* Begin PBXBuildFile section */
		C382AB0A2791B95D00B1BE80 /* ColorsApp.swift in Sources */ = {isa = PBXBuildFile; fileRef = C382AB092791B95D00B1BE80 /* ColorsApp.swift */; };
		C382AB0C2791B95D00B1BE80 /* ContentView.swift in Sources */ = {isa = PBXBuildFile; fileRef = C382AB0B2791B95D00B1BE80 /* ContentView.swift */; };
		C382AB0E2791B95F00B1BE80 /* Assets.xcassets in Resources */ = {isa = PBXBuildFile; fileRef = C382AB0D2791B95F00B1BE80 /* Assets.xcassets */; };
		C382AB112791B95F00B1BE80 /* Preview Assets.xcassets in Resources */ = {isa = PBXBuildFile; fileRef = C382AB102791B95F00B1BE80 /* Preview Assets.xcassets */; };
		C382AB1C2791B95F00B1BE80 /* ColorsTests.swift in Sources */ = {isa = PBXBuildFile; fileRef = C382AB1B2791B95F00B1BE80 /* ColorsTests.swift */; };
		C382AB272791B95F00B1BE80 /* ColorsUITests.swift in Sources */ = {isa = PBXBuildFile; fileRef = C382AB262791B95F00B1BE80 /* ColorsUITests.swift */; };
/* End PBXBuildFile section */

/* Begin PBXContainerItemProxy section */
		C382AB182791B95F00B1BE80 /* PBXContainerItemProxy */ = {
			isa = PBXContainerItemProxy;
			containerPortal = C382AAFE2791B95D00B1BE80 /* Project object */;
			proxyType = 1;
			remoteGlobalIDString = C382AB052791B95D00B1BE80;
			remoteInfo = Colors;
		};
		C382AB232791B95F00B1BE80 /* PBXContainerItemProxy */ = {
			isa = PBXContainerItemProxy;
			containerPortal = C382AAFE2791B95D00B1BE80 /* Project object */;
			proxyType = 1;
			remoteGlobalIDString = C382AB052791B95D00B1BE80;
			remoteInfo = Colors;
		};
/* End PBXContainerItemProxy section */

/* Begin PBXFileReference section */
		C382AB062791B95D00B1BE80 /* Colors.app */ = {isa = PBXFileReference; explicitFileType = wrapper.application; includeInIndex = 0; path = Colors.app; sourceTree = BUILT_PRODUCTS_DIR; };
		C382AB092791B95D00B1BE80 /* ColorsApp.swift */ = {isa = PBXFileReference; lastKnownFileType = sourcecode.swift; path = ColorsApp.swift; sourceTree = "<group>"; };
		C382AB0B2791B95D00B1BE80 /* ContentView.swift */ = {isa = PBXFileReference; lastKnownFileType = sourcecode.swift; path = ContentView.swift; sourceTree = "<group>"; };
		C382AB0D2791B95F00B1BE80 /* Assets.xcassets */ = {isa = PBXFileReference; lastKnownFileType = folder.assetcatalog; path = Assets.xcassets; sourceTree = "<group>"; };
		C382AB102791B95F00B1BE80 /* Preview Assets.xcassets */ = {isa = PBXFileReference; lastKnownFileType = folder.assetcatalog; path = "Preview Assets.xcassets"; sourceTree = "<group>"; };
		C382AB122791B95F00B1BE80 /* Info.plist */ = {isa = PBXFileReference; lastKnownFileType = text.plist.xml; path = Info.plist; sourceTree = "<group>"; };
		C382AB172791B95F00B1BE80 /* ColorsTests.xctest */ = {isa = PBXFileReference; explicitFileType = wrapper.cfbundle; includeInIndex = 0; path = ColorsTests.xctest; sourceTree = BUILT_PRODUCTS_DIR; };
		C382AB1B2791B95F00B1BE80 /* ColorsTests.swift */ = {isa = PBXFileReference; lastKnownFileType = sourcecode.swift; path = ColorsTests.swift; sourceTree = "<group>"; };
		C382AB1D2791B95F00B1BE80 /* Info.plist */ = {isa = PBXFileReference; lastKnownFileType = text.plist.xml; path = Info.plist; sourceTree = "<group>"; };
		C382AB222791B95F00B1BE80 /* ColorsUITests.xctest */ = {isa = PBXFileReference; explicitFileType = wrapper.cfbundle; includeInIndex = 0; path = ColorsUITests.xctest; sourceTree = BUILT_PRODUCTS_DIR; };
		C382AB262791B95F00B1BE80 /* ColorsUITests.swift */ = {isa = PBXFileReference; lastKnownFileType = sourcecode.swift; path = ColorsUITests.swift; sourceTree = "<group>"; };
		C382AB282791B95F00B1BE80 /* Info.plist */ = {isa = PBXFileReference; lastKnownFileType = text.plist.xml; path = Info.plist; sourceTree = "<group>"; };
/* End PBXFileReference section */

/* Begin PBXFrameworksBuildPhase section */
		C382AB032791B95D00B1BE80 /* Frameworks */ = {
			isa = PBXFrameworksBuildPhase;
			buildActionMask = 2147483647;
			files = (
			);
			runOnlyForDeploymentPostprocessing = 0;
		};
		C382AB142791B95F00B1BE80 /* Frameworks */ = {
			isa = PBXFrameworksBuildPhase;
			buildActionMask = 2147483647;
			files = (
			);
			runOnlyForDeploymentPostprocessing = 0;
		};
		C382AB1F2791B95F00B1BE80 /* Frameworks */ = {
			isa = PBXFrameworksBuildPhase;
			buildActionMask = 2147483647;
			files = (
			);
			runOnlyForDeploymentPostprocessing = 0;
		};
/* End PBXFrameworksBuildPhase section */

/* Begin PBXGroup section */
		C382AAFD2791B95D00B1BE80 = {
			isa = PBXGroup;
			children = (
				C382AB082791B95D00B1BE80 /* Colors */,
				C382AB1A2791B95F00B1BE80 /* ColorsTests */,
				C382AB252791B95F00B1BE80 /* ColorsUITests */,
				C382AB072791B95D00B1BE80 /* Products */,
			);
			sourceTree = "<group>";
		};
		C382AB072791B95D00B1BE80 /* Products */ = {
			isa = PBXGroup;
			children = (
				C382AB062791B95D00B1BE80 /* Colors.app */,
				C382AB172791B95F00B1BE80 /* ColorsTests.xctest */,
				C382AB222791B95F00B1BE80 /* ColorsUITests.xctest */,
			);
			name = Products;
			sourceTree = "<group>";
		};
		C382AB082791B95D00B1BE80 /* Colors */ = {
			isa = PBXGroup;
			children = (
				C382AB092791B95D00B1BE80 /* ColorsApp.swift */,
				C382AB0B2791B95D00B1BE80 /* ContentView.swift */,
				C382AB0D2791B95F00B1BE80 /* Assets.xcassets */,
				C382AB122791B95F00B1BE80 /* Info.plist */,
				C382AB0F2791B95F00B1BE80 /* Preview Content */,
			);
			path = Colors;
			sourceTree = "<group>";
		};
		C382AB0F2791B95F00B1BE80 /* Preview Content */ = {
			isa = PBXGroup;
			children = (
				C382AB102791B95F00B1BE80 /* Preview Assets.xcassets */,
			);
			path = "Preview Content";
			sourceTree = "<group>";
		};
		C382AB1A2791B95F00B1BE80 /* ColorsTests */ = {
			isa = PBXGroup;
			children = (
				C382AB1B2791B95F00B1BE80 /* ColorsTests.swift */,
				C382AB1D2791B95F00B1BE80 /* Info.plist */,
			);
			path = ColorsTests;
			sourceTree = "<group>";
		};
		C382AB252791B95F00B1BE80 /* ColorsUITests */ = {
			isa = PBXGroup;
			children = (
				C382AB262791B95F00B1BE80 /* ColorsUITests.swift */,
				C382AB282791B95F00B1BE80 /* Info.plist */,
			);
			path = ColorsUITests;
			sourceTree = "<group>";
		};
/* End PBXGroup section */

/* Begin PBXNativeTarget section */
		C382AB052791B95D00B1BE80 /* Colors */ = {
			isa = PBXNativeTarget;
			buildConfigurationList = C382AB2B2791B95F00B1BE80 /* Build configuration list for PBXNativeTarget "Colors" */;
			buildPhases = (
				C382AB022791B95D00B1BE80 /* Sources */,
				C382AB032791B95D00B1BE80 /* Frameworks */,
				C382AB042791B95D00B1BE80 /* Resources */,
			);
			buildRules = (
			);
			dependencies = (
			);
			name = Colors;
			productName = Colors;
			productReference = C382AB062791B95D00B1BE80 /* Colors.app */;
			productType = "com.apple.product-type.application";
		};
		C382AB162791B95F00B1BE80 /* ColorsTests */ = {
			isa = PBXNativeTarget;
			buildConfigurationList = C382AB2E2791B95F00B1BE80 /* Build configuration list for PBXNativeTarget "ColorsTests" */;
			buildPhases = (
				C382AB132791B95F00B1BE80 /* Sources */,
				C382AB142791B95F00B1BE80 /* Frameworks */,
				C382AB152791B95F00B1BE80 /* Resources */,
			);
			buildRules = (
			);
			dependencies = (
				C382AB192791B95F00B1BE80 /* PBXTargetDependency */,
			);
			name = ColorsTests;
			productName = ColorsTests;
			productReference = C382AB172791B95F00B1BE80 /* ColorsTests.xctest */;
			productType = "com.apple.product-type.bundle.unit-test";
		};
		C382AB212791B95F00B1BE80 /* ColorsUITests */ = {
			isa = PBXNativeTarget;
			buildConfigurationList = C382AB312791B95F00B1BE80 /* Build configuration list for PBXNativeTarget "ColorsUITests" */;
			buildPhases = (
				C382AB1E2791B95F00B1BE80 /* Sources */,
				C382AB1F2791B95F00B1BE80 /* Frameworks */,
				C382AB202791B95F00B1BE80 /* Resources */,
			);
			buildRules = (
			);
			dependencies = (
				C382AB242791B95F00B1BE80 /* PBXTargetDependency */,
			);
			name = ColorsUITests;
			productName = ColorsUITests;
			productReference = C382AB222791B95F00B1BE80 /* ColorsUITests.xctest */;
			productType = "com.apple.product-type.bundle.ui-testing";
		};
/* End PBXNativeTarget section */

/* Begin PBXProject section */
		C382AAFE2791B95D00B1BE80 /* Project object */ = {
			isa = PBXProject;
			attributes = {
				LastSwiftUpdateCheck = 1250;
				LastUpgradeCheck = 1250;
				TargetAttributes = {
					C382AB052791B95D00B1BE80 = {
						CreatedOnToolsVersion = 12.5.1;
					};
					C382AB162791B95F00B1BE80 = {
						CreatedOnToolsVersion = 12.5.1;
						TestTargetID = C382AB052791B95D00B1BE80;
					};
					C382AB212791B95F00B1BE80 = {
						CreatedOnToolsVersion = 12.5.1;
						TestTargetID = C382AB052791B95D00B1BE80;
					};
				};
			};
			buildConfigurationList = C382AB012791B95D00B1BE80 /* Build configuration list for PBXProject "Colors" */;
			compatibilityVersion = "Xcode 9.3";
			developmentRegion = en;
			hasScannedForEncodings = 0;
			knownRegions = (
				en,
				Base,
			);
			mainGroup = C382AAFD2791B95D00B1BE80;
			productRefGroup = C382AB072791B95D00B1BE80 /* Products */;
			projectDirPath = "";
			projectRoot = "";
			targets = (
				C382AB052791B95D00B1BE80 /* Colors */,
				C382AB162791B95F00B1BE80 /* ColorsTests */,
				C382AB212791B95F00B1BE80 /* ColorsUITests */,
			);
		};
/* End PBXProject section */

/* Begin PBXResourcesBuildPhase section */
		C382AB042791B95D00B1BE80 /* Resources */ = {
			isa = PBXResourcesBuildPhase;
			buildActionMask = 2147483647;
			files = (
				C382AB112791B95F00B1BE80 /* Preview Assets.xcassets in Resources */,
				C382AB0E2791B95F00B1BE80 /* Assets.xcassets in Resources */,
			);
			runOnlyForDeploymentPostprocessing = 0;
		};
		C382AB152791B95F00B1BE80 /* Resources */ = {
			isa = PBXResourcesBuildPhase;
			buildActionMask = 2147483647;
			files = (
			);
			runOnlyForDeploymentPostprocessing = 0;
		};
		C382AB202791B95F00B1BE80 /* Resources */ = {
			isa = PBXResourcesBuildPhase;
			buildActionMask = 2147483647;
			files = (
			);
			runOnlyForDeploymentPostprocessing = 0;
		};
/* End PBXResourcesBuildPhase section */

/* Begin PBXSourcesBuildPhase section */
		C382AB022791B95D00B1BE80 /* Sources */ = {
			isa = PBXSourcesBuildPhase;
			buildActionMask = 2147483647;
			files = (
				C382AB0C2791B95D00B1BE80 /* ContentView.swift in Sources */,
				C382AB0A2791B95D00B1BE80 /* ColorsApp.swift in Sources */,
			);
			runOnlyForDeploymentPostprocessing = 0;
		};
		C382AB132791B95F00B1BE80 /* Sources */ = {
			isa = PBXSourcesBuildPhase;
			buildActionMask = 2147483647;
			files = (
				C382AB1C2791B95F00B1BE80 /* ColorsTests.swift in Sources */,
			);
			runOnlyForDeploymentPostprocessing = 0;
		};
		C382AB1E2791B95F00B1BE80 /* Sources */ = {
			isa = PBXSourcesBuildPhase;
			buildActionMask = 2147483647;
			files = (
				C382AB272791B95F00B1BE80 /* ColorsUITests.swift in Sources */,
			);
			runOnlyForDeploymentPostprocessing = 0;
		};
/* End PBXSourcesBuildPhase section */

/* Begin PBXTargetDependency section */
		C382AB192791B95F00B1BE80 /* PBXTargetDependency */ = {
			isa = PBXTargetDependency;
			target = C382AB052791B95D00B1BE80 /* Colors */;
			targetProxy = C382AB182791B95F00B1BE80 /* PBXContainerItemProxy */;
		};
		C382AB242791B95F00B1BE80 /* PBXTargetDependency */ = {
			isa = PBXTargetDependency;
			target = C382AB052791B95D00B1BE80 /* Colors */;
			targetProxy = C382AB232791B95F00B1BE80 /* PBXContainerItemProxy */;
		};
/* End PBXTargetDependency section */

/* Begin XCBuildConfiguration section */
		C382AB292791B95F00B1BE80 /* Debug */ = {
			isa = XCBuildConfiguration;
			buildSettings = {
				ALWAYS_SEARCH_USER_PATHS = NO;
				CLANG_ANALYZER_NONNULL = YES;
				CLANG_ANALYZER_NUMBER_OBJECT_CONVERSION = YES_AGGRESSIVE;
				CLANG_CXX_LANGUAGE_STANDARD = "gnu++14";
				CLANG_CXX_LIBRARY = "libc++";
				CLANG_ENABLE_MODULES = YES;
				CLANG_ENABLE_OBJC_ARC = YES;
				CLANG_ENABLE_OBJC_WEAK = YES;
				CLANG_WARN_BLOCK_CAPTURE_AUTORELEASING = YES;
				CLANG_WARN_BOOL_CONVERSION = YES;
				CLANG_WARN_COMMA = YES;
				CLANG_WARN_CONSTANT_CONVERSION = YES;
				CLANG_WARN_DEPRECATED_OBJC_IMPLEMENTATIONS = YES;
				CLANG_WARN_DIRECT_OBJC_ISA_USAGE = YES_ERROR;
				CLANG_WARN_DOCUMENTATION_COMMENTS = YES;
				CLANG_WARN_EMPTY_BODY = YES;
				CLANG_WARN_ENUM_CONVERSION = YES;
				CLANG_WARN_INFINITE_RECURSION = YES;
				CLANG_WARN_INT_CONVERSION = YES;
				CLANG_WARN_NON_LITERAL_NULL_CONVERSION = YES;
				CLANG_WARN_OBJC_IMPLICIT_RETAIN_SELF = YES;
				CLANG_WARN_OBJC_LITERAL_CONVERSION = YES;
				CLANG_WARN_OBJC_ROOT_CLASS = YES_ERROR;
				CLANG_WARN_QUOTED_INCLUDE_IN_FRAMEWORK_HEADER = YES;
				CLANG_WARN_RANGE_LOOP_ANALYSIS = YES;
				CLANG_WARN_STRICT_PROTOTYPES = YES;
				CLANG_WARN_SUSPICIOUS_MOVE = YES;
				CLANG_WARN_UNGUARDED_AVAILABILITY = YES_AGGRESSIVE;
				CLANG_WARN_UNREACHABLE_CODE = YES;
				CLANG_WARN__DUPLICATE_METHOD_MATCH = YES;
				COPY_PHASE_STRIP = NO;
				DEBUG_INFORMATION_FORMAT = dwarf;
				ENABLE_STRICT_OBJC_MSGSEND = YES;
				ENABLE_TESTABILITY = YES;
				GCC_C_LANGUAGE_STANDARD = gnu11;
				GCC_DYNAMIC_NO_PIC = NO;
				GCC_NO_COMMON_BLOCKS = YES;
				GCC_OPTIMIZATION_LEVEL = 0;
				GCC_PREPROCESSOR_DEFINITIONS = (
					"DEBUG=1",
					"$(inherited)",
				);
				GCC_WARN_64_TO_32_BIT_CONVERSION = YES;
				GCC_WARN_ABOUT_RETURN_TYPE = YES_ERROR;
				GCC_WARN_UNDECLARED_SELECTOR = YES;
				GCC_WARN_UNINITIALIZED_AUTOS = YES_AGGRESSIVE;
				GCC_WARN_UNUSED_FUNCTION = YES;
				GCC_WARN_UNUSED_VARIABLE = YES;
				IPHONEOS_DEPLOYMENT_TARGET = 14.5;
				MTL_ENABLE_DEBUG_INFO = INCLUDE_SOURCE;
				MTL_FAST_MATH = YES;
				ONLY_ACTIVE_ARCH = YES;
				SDKROOT = iphoneos;
				SWIFT_ACTIVE_COMPILATION_CONDITIONS = DEBUG;
				SWIFT_OPTIMIZATION_LEVEL = "-Onone";
			};
			name = Debug;
		};
		C382AB2A2791B95F00B1BE80 /* Release */ = {
			isa = XCBuildConfiguration;
			buildSettings = {
				ALWAYS_SEARCH_USER_PATHS = NO;
				CLANG_ANALYZER_NONNULL = YES;
				CLANG_ANALYZER_NUMBER_OBJECT_CONVERSION = YES_AGGRESSIVE;
				CLANG_CXX_LANGUAGE_STANDARD = "gnu++14";
				CLANG_CXX_LIBRARY = "libc++";
				CLANG_ENABLE_MODULES = YES;
				CLANG_ENABLE_OBJC_ARC = YES;
				CLANG_ENABLE_OBJC_WEAK = YES;
				CLANG_WARN_BLOCK_CAPTURE_AUTORELEASING = YES;
				CLANG_WARN_BOOL_CONVERSION = YES;
				CLANG_WARN_COMMA = YES;
				CLANG_WARN_CONSTANT_CONVERSION = YES;
				CLANG_WARN_DEPRECATED_OBJC_IMPLEMENTATIONS = YES;
				CLANG_WARN_DIRECT_OBJC_ISA_USAGE = YES_ERROR;
				CLANG_WARN_DOCUMENTATION_COMMENTS = YES;
				CLANG_WARN_EMPTY_BODY = YES;
				CLANG_WARN_ENUM_CONVERSION = YES;
				CLANG_WARN_INFINITE_RECURSION = YES;
				CLANG_WARN_INT_CONVERSION = YES;
				CLANG_WARN_NON_LITERAL_NULL_CONVERSION = YES;
				CLANG_WARN_OBJC_IMPLICIT_RETAIN_SELF = YES;
				CLANG_WARN_OBJC_LITERAL_CONVERSION = YES;
				CLANG_WARN_OBJC_ROOT_CLASS = YES_ERROR;
				CLANG_WARN_QUOTED_INCLUDE_IN_FRAMEWORK_HEADER = YES;
				CLANG_WARN_RANGE_LOOP_ANALYSIS = YES;
				CLANG_WARN_STRICT_PROTOTYPES = YES;
				CLANG_WARN_SUSPICIOUS_MOVE = YES;
				CLANG_WARN_UNGUARDED_AVAILABILITY = YES_AGGRESSIVE;
				CLANG_WARN_UNREACHABLE_CODE = YES;
				CLANG_WARN__DUPLICATE_METHOD_MATCH = YES;
				COPY_PHASE_STRIP = NO;
				DEBUG_INFORMATION_FORMAT = "dwarf-with-dsym";
				ENABLE_NS_ASSERTIONS = NO;
				ENABLE_STRICT_OBJC_MSGSEND = YES;
				GCC_C_LANGUAGE_STANDARD = gnu11;
				GCC_NO_COMMON_BLOCKS = YES;
				GCC_WARN_64_TO_32_BIT_CONVERSION = YES;
				GCC_WARN_ABOUT_RETURN_TYPE = YES_ERROR;
				GCC_WARN_UNDECLARED_SELECTOR = YES;
				GCC_WARN_UNINITIALIZED_AUTOS = YES_AGGRESSIVE;
				GCC_WARN_UNUSED_FUNCTION = YES;
				GCC_WARN_UNUSED_VARIABLE = YES;
				IPHONEOS_DEPLOYMENT_TARGET = 14.5;
				MTL_ENABLE_DEBUG_INFO = NO;
				MTL_FAST_MATH = YES;
				SDKROOT = iphoneos;
				SWIFT_COMPILATION_MODE = wholemodule;
				SWIFT_OPTIMIZATION_LEVEL = "-O";
				VALIDATE_PRODUCT = YES;
			};
			name = Release;
		};
		C382AB2C2791B95F00B1BE80 /* Debug */ = {
			isa = XCBuildConfiguration;
			buildSettings = {
				ASSETCATALOG_COMPILER_APPICON_NAME = AppIcon;
				ASSETCATALOG_COMPILER_GLOBAL_ACCENT_COLOR_NAME = AccentColor;
				CODE_SIGN_STYLE = Automatic;
				DEVELOPMENT_ASSET_PATHS = "\"Colors/Preview Content\"";
				ENABLE_PREVIEWS = YES;
				INFOPLIST_FILE = Colors/Info.plist;
				IPHONEOS_DEPLOYMENT_TARGET = 14.0;
				LD_RUNPATH_SEARCH_PATHS = (
					"$(inherited)",
					"@executable_path/Frameworks",
				);
				PRODUCT_BUNDLE_IDENTIFIER = hsn.Colors;
				PRODUCT_NAME = "$(TARGET_NAME)";
				SWIFT_VERSION = 5.0;
				TARGETED_DEVICE_FAMILY = "1,2";
			};
			name = Debug;
		};
		C382AB2D2791B95F00B1BE80 /* Release */ = {
			isa = XCBuildConfiguration;
			buildSettings = {
				ASSETCATALOG_COMPILER_APPICON_NAME = AppIcon;
				ASSETCATALOG_COMPILER_GLOBAL_ACCENT_COLOR_NAME = AccentColor;
				CODE_SIGN_STYLE = Automatic;
				DEVELOPMENT_ASSET_PATHS = "\"Colors/Preview Content\"";
				ENABLE_PREVIEWS = YES;
				INFOPLIST_FILE = Colors/Info.plist;
				IPHONEOS_DEPLOYMENT_TARGET = 14.0;
				LD_RUNPATH_SEARCH_PATHS = (
					"$(inherited)",
					"@executable_path/Frameworks",
				);
				PRODUCT_BUNDLE_IDENTIFIER = hsn.Colors;
				PRODUCT_NAME = "$(TARGET_NAME)";
				SWIFT_VERSION = 5.0;
				TARGETED_DEVICE_FAMILY = "1,2";
			};
			name = Release;
		};
		C382AB2F2791B95F00B1BE80 /* Debug */ = {
			isa = XCBuildConfiguration;
			buildSettings = {
				ALWAYS_EMBED_SWIFT_STANDARD_LIBRARIES = YES;
				BUNDLE_LOADER = "$(TEST_HOST)";
				CODE_SIGN_STYLE = Automatic;
				INFOPLIST_FILE = ColorsTests/Info.plist;
				IPHONEOS_DEPLOYMENT_TARGET = 14.0;
				LD_RUNPATH_SEARCH_PATHS = (
					"$(inherited)",
					"@executable_path/Frameworks",
					"@loader_path/Frameworks",
				);
				PRODUCT_BUNDLE_IDENTIFIER = hsn.ColorsTests;
				PRODUCT_NAME = "$(TARGET_NAME)";
				SWIFT_VERSION = 5.0;
				TARGETED_DEVICE_FAMILY = "1,2";
				TEST_HOST = "$(BUILT_PRODUCTS_DIR)/Colors.app/Colors";
			};
			name = Debug;
		};
		C382AB302791B95F00B1BE80 /* Release */ = {
			isa = XCBuildConfiguration;
			buildSettings = {
				ALWAYS_EMBED_SWIFT_STANDARD_LIBRARIES = YES;
				BUNDLE_LOADER = "$(TEST_HOST)";
				CODE_SIGN_STYLE = Automatic;
				INFOPLIST_FILE = ColorsTests/Info.plist;
				IPHONEOS_DEPLOYMENT_TARGET = 14.0;
				LD_RUNPATH_SEARCH_PATHS = (
					"$(inherited)",
					"@executable_path/Frameworks",
					"@loader_path/Frameworks",
				);
				PRODUCT_BUNDLE_IDENTIFIER = hsn.ColorsTests;
				PRODUCT_NAME = "$(TARGET_NAME)";
				SWIFT_VERSION = 5.0;
				TARGETED_DEVICE_FAMILY = "1,2";
				TEST_HOST = "$(BUILT_PRODUCTS_DIR)/Colors.app/Colors";
			};
			name = Release;
		};
		C382AB322791B95F00B1BE80 /* Debug */ = {
			isa = XCBuildConfiguration;
			buildSettings = {
				ALWAYS_EMBED_SWIFT_STANDARD_LIBRARIES = YES;
				CODE_SIGN_STYLE = Automatic;
				INFOPLIST_FILE = ColorsUITests/Info.plist;
				LD_RUNPATH_SEARCH_PATHS = (
					"$(inherited)",
					"@executable_path/Frameworks",
					"@loader_path/Frameworks",
				);
				PRODUCT_BUNDLE_IDENTIFIER = hsn.ColorsUITests;
				PRODUCT_NAME = "$(TARGET_NAME)";
				SWIFT_VERSION = 5.0;
				TARGETED_DEVICE_FAMILY = "1,2";
				TEST_TARGET_NAME = Colors;
			};
			name = Debug;
		};
		C382AB332791B95F00B1BE80 /* Release */ = {
			isa = XCBuildConfiguration;
			buildSettings = {
				ALWAYS_EMBED_SWIFT_STANDARD_LIBRARIES = YES;
				CODE_SIGN_STYLE = Automatic;
				INFOPLIST_FILE = ColorsUITests/Info.plist;
				LD_RUNPATH_SEARCH_PATHS = (
					"$(inherited)",
					"@executable_path/Frameworks",
					"@loader_path/Frameworks",
				);
				PRODUCT_BUNDLE_IDENTIFIER = hsn.ColorsUITests;
				PRODUCT_NAME = "$(TARGET_NAME)";
				SWIFT_VERSION = 5.0;
				TARGETED_DEVICE_FAMILY = "1,2";
				TEST_TARGET_NAME = Colors;
			};
			name = Release;
		};
/* End XCBuildConfiguration section */

/* Begin XCConfigurationList section */
		C382AB012791B95D00B1BE80 /* Build configuration list for PBXProject "Colors" */ = {
			isa = XCConfigurationList;
			buildConfigurations = (
				C382AB292791B95F00B1BE80 /* Debug */,
				C382AB2A2791B95F00B1BE80 /* Release */,
			);
			defaultConfigurationIsVisible = 0;
			defaultConfigurationName = Release;
		};
		C382AB2B2791B95F00B1BE80 /* Build configuration list for PBXNativeTarget "Colors" */ = {
			isa = XCConfigurationList;
			buildConfigurations = (
				C382AB2C2791B95F00B1BE80 /* Debug */,
				C382AB2D2791B95F00B1BE80 /* Release */,
			);
			defaultConfigurationIsVisible = 0;
			defaultConfigurationName = Release;
		};
		C382AB2E2791B95F00B1BE80 /* Build configuration list for PBXNativeTarget "ColorsTests" */ = {
			isa = XCConfigurationList;
			buildConfigurations = (
				C382AB2F2791B95F00B1BE80 /* Debug */,
				C382AB302791B95F00B1BE80 /* Release */,
			);
			defaultConfigurationIsVisible = 0;
			defaultConfigurationName = Release;
		};
		C382AB312791B95F00B1BE80 /* Build configuration list for PBXNativeTarget "ColorsUITests" */ = {
			isa = XCConfigurationList;
			buildConfigurations = (
				C382AB322791B95F00B1BE80 /* Debug */,
				C382AB332791B95F00B1BE80 /* Release */,
			);
			defaultConfigurationIsVisible = 0;
			defaultConfigurationName = Release;
		};
/* End XCConfigurationList section */
	};
	rootObject = C382AAFE2791B95D00B1BE80 /* Project object */;
}
